
Microsoft Visual Studio Solution File, Format Version 12.00
# Visual Studio Version 16
VisualStudioVersion = 16.0.32002.261
MinimumVisualStudioVersion = 10.0.40219.1
Project("{FAE04EC0-301F-11D3-BF4B-00C04F79EFBC}") = "IotChallenge", "IotChallenge\IotChallenge.csproj", "{C0D2DCBA-6610-4E11-92D4-F449333B5302}"
EndProject
Project("{FAE04EC0-301F-11D3-BF4B-00C04F79EFBC}") = "Model", "Model\Model.csproj", "{FD2535B1-9B1D-4692-A29B-620A3427981E}"
EndProject
Global
	GlobalSection(SolutionConfigurationPlatforms) = preSolution
		Debug|Any CPU = Debug|Any CPU
		Release|Any CPU = Release|Any CPU
	EndGlobalSection
	GlobalSection(ProjectConfigurationPlatforms) = postSolution
		{C0D2DCBA-6610-4E11-92D4-F449333B5302}.Debug|Any CPU.ActiveCfg = Debug|Any CPU
		{C0D2DCBA-6610-4E11-92D4-F449333B5302}.Debug|Any CPU.Build.0 = Debug|Any CPU
		{C0D2DCBA-6610-4E11-92D4-F449333B5302}.Release|Any CPU.ActiveCfg = Release|Any CPU
		{C0D2DCBA-6610-4E11-92D4-F449333B5302}.Release|Any CPU.Build.0 = Release|Any CPU
		{FD2535B1-9B1D-4692-A29B-620A3427981E}.Debug|Any CPU.ActiveCfg = Debug|Any CPU
		{FD2535B1-9B1D-4692-A29B-620A3427981E}.Debug|Any CPU.Build.0 = Debug|Any CPU
		{FD2535B1-9B1D-4692-A29B-620A3427981E}.Release|Any CPU.ActiveCfg = Release|Any CPU
		{FD2535B1-9B1D-4692-A29B-620A3427981E}.Release|Any CPU.Build.0 = Release|Any CPU
	EndGlobalSection
	GlobalSection(SolutionProperties) = preSolution
		HideSolutionNode = FALSE
	EndGlobalSection
	GlobalSection(ExtensibilityGlobals) = postSolution
		SolutionGuid = {136856D0-1497-46DF-A7F2-5A8F7B99DADF}
	EndGlobalSection
EndGlobal
